
Microsoft Visual Studio Solution File, Format Version 11.00
# Visual Studio 2010
Project("{FAE04EC0-301F-11D3-BF4B-00C04F79EFBC}") = "Workshop Master Copy", "Assembly-CSharp.csproj", "{910F94F5-C19E-264C-A30D-793E03AF9867}"
EndProject
Global
	GlobalSection(SolutionConfigurationPlatforms) = preSolution
		Debug|Any CPU = Debug|Any CPU
		Release|Any CPU = Release|Any CPU
	EndGlobalSection
	GlobalSection(ProjectConfigurationPlatforms) = postSolution
		{910F94F5-C19E-264C-A30D-793E03AF9867}.Debug|Any CPU.ActiveCfg = Debug|Any CPU
		{910F94F5-C19E-264C-A30D-793E03AF9867}.Debug|Any CPU.Build.0 = Debug|Any CPU
		{910F94F5-C19E-264C-A30D-793E03AF9867}.Release|Any CPU.ActiveCfg = Release|Any CPU
		{910F94F5-C19E-264C-A30D-793E03AF9867}.Release|Any CPU.Build.0 = Release|Any CPU
	EndGlobalSection
	GlobalSection(SolutionProperties) = preSolution
		HideSolutionNode = FALSE
	EndGlobalSection
	GlobalSection(MonoDevelopProperties) = preSolution
		StartupItem = Assembly-CSharp.csproj
	EndGlobalSection
EndGlobal
